
Microsoft Visual Studio Solution File, Format Version 12.00
# Visual Studio Version 17
VisualStudioVersion = 17.13.35818.85 d17.13
MinimumVisualStudioVersion = 10.0.40219.1
Project("{FAE04EC0-301F-11D3-BF4B-00C04F79EFBC}") = "VideoGameApi", "VideoGameApi\VideoGameApi.csproj", "{DC7FE6B2-98D7-4D3D-B01B-5240EF5FA1E0}"
EndProject
Global
	GlobalSection(SolutionConfigurationPlatforms) = preSolution
		Debug|Any CPU = Debug|Any CPU
		Release|Any CPU = Release|Any CPU
	EndGlobalSection
	GlobalSection(ProjectConfigurationPlatforms) = postSolution
		{DC7FE6B2-98D7-4D3D-B01B-5240EF5FA1E0}.Debug|Any CPU.ActiveCfg = Debug|Any CPU
		{DC7FE6B2-98D7-4D3D-B01B-5240EF5FA1E0}.Debug|Any CPU.Build.0 = Debug|Any CPU
		{DC7FE6B2-98D7-4D3D-B01B-5240EF5FA1E0}.Release|Any CPU.ActiveCfg = Release|Any CPU
		{DC7FE6B2-98D7-4D3D-B01B-5240EF5FA1E0}.Release|Any CPU.Build.0 = Release|Any CPU
	EndGlobalSection
	GlobalSection(SolutionProperties) = preSolution
		HideSolutionNode = FALSE
	EndGlobalSection
	GlobalSection(ExtensibilityGlobals) = postSolution
		SolutionGuid = {3CDE75DC-9BA3-4263-8491-9E8532B325CD}
	EndGlobalSection
EndGlobal
